
Microsoft Visual Studio Solution File, Format Version 12.00
# Visual Studio Version 17
VisualStudioVersion = 17.7.34221.43
MinimumVisualStudioVersion = 10.0.40219.1
Project("{FAE04EC0-301F-11D3-BF4B-00C04F79EFBC}") = "WPFProjectOne", "WPFProjectOne\WPFProjectOne.csproj", "{3EC43AB2-BCEA-425D-8C1D-79F12267F318}"
EndProject
Project("{FAE04EC0-301F-11D3-BF4B-00C04F79EFBC}") = "DataAccess", "DataAccess\DataAccess.csproj", "{67B3F627-F240-449E-AA00-500248BA997A}"
EndProject
Global
	GlobalSection(SolutionConfigurationPlatforms) = preSolution
		Debug|Any CPU = Debug|Any CPU
		Release|Any CPU = Release|Any CPU
	EndGlobalSection
	GlobalSection(ProjectConfigurationPlatforms) = postSolution
		{3EC43AB2-BCEA-425D-8C1D-79F12267F318}.Debug|Any CPU.ActiveCfg = Debug|Any CPU
		{3EC43AB2-BCEA-425D-8C1D-79F12267F318}.Debug|Any CPU.Build.0 = Debug|Any CPU
		{3EC43AB2-BCEA-425D-8C1D-79F12267F318}.Release|Any CPU.ActiveCfg = Release|Any CPU
		{3EC43AB2-BCEA-425D-8C1D-79F12267F318}.Release|Any CPU.Build.0 = Release|Any CPU
		{67B3F627-F240-449E-AA00-500248BA997A}.Debug|Any CPU.ActiveCfg = Debug|Any CPU
		{67B3F627-F240-449E-AA00-500248BA997A}.Debug|Any CPU.Build.0 = Debug|Any CPU
		{67B3F627-F240-449E-AA00-500248BA997A}.Release|Any CPU.ActiveCfg = Release|Any CPU
		{67B3F627-F240-449E-AA00-500248BA997A}.Release|Any CPU.Build.0 = Release|Any CPU
	EndGlobalSection
	GlobalSection(SolutionProperties) = preSolution
		HideSolutionNode = FALSE
	EndGlobalSection
	GlobalSection(ExtensibilityGlobals) = postSolution
		SolutionGuid = {6BCAF0B9-A915-496A-8389-E8D5040362DF}
	EndGlobalSection
EndGlobal
